
Microsoft Visual Studio Solution File, Format Version 12.00
# Visual Studio 15
VisualStudioVersion = 15.0.27130.2010
MinimumVisualStudioVersion = 10.0.40219.1
Project("{FAE04EC0-301F-11D3-BF4B-00C04F79EFBC}") = "LoteriasItix", "LoteriasItix\LoteriasItix.csproj", "{FBC101DC-771F-4B3B-893E-462D615FFCF0}"
EndProject
Global
	GlobalSection(SolutionConfigurationPlatforms) = preSolution
		Debug|Any CPU = Debug|Any CPU
		Release|Any CPU = Release|Any CPU
	EndGlobalSection
	GlobalSection(ProjectConfigurationPlatforms) = postSolution
		{FBC101DC-771F-4B3B-893E-462D615FFCF0}.Debug|Any CPU.ActiveCfg = Debug|Any CPU
		{FBC101DC-771F-4B3B-893E-462D615FFCF0}.Debug|Any CPU.Build.0 = Debug|Any CPU
		{FBC101DC-771F-4B3B-893E-462D615FFCF0}.Release|Any CPU.ActiveCfg = Release|Any CPU
		{FBC101DC-771F-4B3B-893E-462D615FFCF0}.Release|Any CPU.Build.0 = Release|Any CPU
	EndGlobalSection
	GlobalSection(SolutionProperties) = preSolution
		HideSolutionNode = FALSE
	EndGlobalSection
	GlobalSection(ExtensibilityGlobals) = postSolution
		SolutionGuid = {442220C0-CE88-478E-8012-9FAE2F5A38EE}
	EndGlobalSection
EndGlobal
